
Microsoft Visual Studio Solution File, Format Version 12.00
# Visual Studio 14
VisualStudioVersion = 14.0.25420.1
MinimumVisualStudioVersion = 10.0.40219.1
Project("{888888A0-9F3D-457C-B088-3A5042F75D52}") = "MasterLadder", "MasterLadder\MasterLadder.pyproj", "{33915BA9-EEB1-4C90-A73B-1A8E14DF4248}"
EndProject
Project("{888888A0-9F3D-457C-B088-3A5042F75D52}") = "MDClot", "MDClot\MDClot.pyproj", "{3B60C009-638C-4EFB-BE58-4045F6CE1EE3}"
EndProject
Global
	GlobalSection(SolutionConfigurationPlatforms) = preSolution
		Debug|Any CPU = Debug|Any CPU
		Release|Any CPU = Release|Any CPU
	EndGlobalSection
	GlobalSection(ProjectConfigurationPlatforms) = postSolution
		{33915BA9-EEB1-4C90-A73B-1A8E14DF4248}.Debug|Any CPU.ActiveCfg = Debug|Any CPU
		{33915BA9-EEB1-4C90-A73B-1A8E14DF4248}.Release|Any CPU.ActiveCfg = Release|Any CPU
		{3B60C009-638C-4EFB-BE58-4045F6CE1EE3}.Debug|Any CPU.ActiveCfg = Debug|Any CPU
		{3B60C009-638C-4EFB-BE58-4045F6CE1EE3}.Debug|Any CPU.Build.0 = Debug|Any CPU
		{3B60C009-638C-4EFB-BE58-4045F6CE1EE3}.Release|Any CPU.ActiveCfg = Release|Any CPU
		{3B60C009-638C-4EFB-BE58-4045F6CE1EE3}.Release|Any CPU.Build.0 = Release|Any CPU
	EndGlobalSection
	GlobalSection(SolutionProperties) = preSolution
		HideSolutionNode = FALSE
	EndGlobalSection
	GlobalSection(TeamFoundationVersionControl) = preSolution
		SccNumberOfProjects = 3
		SccEnterpriseProvider = {4CA58AB2-18FA-4F8D-95D4-32DDF27D184C}
		SccTeamFoundationServer = https://warlighter.visualstudio.com/
		SccLocalPath0 = .
		SccProjectUniqueName1 = MasterLadder\\MasterLadder.pyproj
		SccProjectName1 = MasterLadder
		SccLocalPath1 = MasterLadder
		SccProjectUniqueName2 = MDClot\\MDClot.pyproj
		SccProjectName2 = MDClot
		SccLocalPath2 = MDClot
	EndGlobalSection
EndGlobal
